
Microsoft Visual Studio Solution File, Format Version 12.00
# Visual Studio Version 17
VisualStudioVersion = 17.9.34622.214
MinimumVisualStudioVersion = 10.0.40219.1
Project("{FAE04EC0-301F-11D3-BF4B-00C04F79EFBC}") = "MaruRotations", "MaruRotations.csproj", "{BC82926F-994A-4E80-A889-FD1D9785420C}"
EndProject
Project("{9A19103F-16F7-4668-BE54-9A1E7A4F7556}") = "RotationSolver.Basic", "RotationSolver\RotationSolver.Basic\RotationSolver.Basic.csproj", "{1C965C70-BC37-4823-B6B1-F14221892B69}"
EndProject
Global
	GlobalSection(SolutionConfigurationPlatforms) = preSolution
		Debug|Any CPU = Debug|Any CPU
		Debug|x64 = Debug|x64
		Release|Any CPU = Release|Any CPU
		Release|x64 = Release|x64
	EndGlobalSection
	GlobalSection(ProjectConfigurationPlatforms) = postSolution
		{BC82926F-994A-4E80-A889-FD1D9785420C}.Debug|Any CPU.ActiveCfg = Debug|Any CPU
		{BC82926F-994A-4E80-A889-FD1D9785420C}.Debug|Any CPU.Build.0 = Debug|Any CPU
		{BC82926F-994A-4E80-A889-FD1D9785420C}.Debug|x64.ActiveCfg = Debug|Any CPU
		{BC82926F-994A-4E80-A889-FD1D9785420C}.Debug|x64.Build.0 = Debug|Any CPU
		{BC82926F-994A-4E80-A889-FD1D9785420C}.Release|Any CPU.ActiveCfg = Release|Any CPU
		{BC82926F-994A-4E80-A889-FD1D9785420C}.Release|Any CPU.Build.0 = Release|Any CPU
		{BC82926F-994A-4E80-A889-FD1D9785420C}.Release|x64.ActiveCfg = Release|Any CPU
		{BC82926F-994A-4E80-A889-FD1D9785420C}.Release|x64.Build.0 = Release|Any CPU
		{1C965C70-BC37-4823-B6B1-F14221892B69}.Debug|Any CPU.ActiveCfg = Debug|x64
		{1C965C70-BC37-4823-B6B1-F14221892B69}.Debug|Any CPU.Build.0 = Debug|x64
		{1C965C70-BC37-4823-B6B1-F14221892B69}.Debug|x64.ActiveCfg = Debug|x64
		{1C965C70-BC37-4823-B6B1-F14221892B69}.Debug|x64.Build.0 = Debug|x64
		{1C965C70-BC37-4823-B6B1-F14221892B69}.Release|Any CPU.ActiveCfg = Release|x64
		{1C965C70-BC37-4823-B6B1-F14221892B69}.Release|Any CPU.Build.0 = Release|x64
		{1C965C70-BC37-4823-B6B1-F14221892B69}.Release|x64.ActiveCfg = Release|x64
		{1C965C70-BC37-4823-B6B1-F14221892B69}.Release|x64.Build.0 = Release|x64
	EndGlobalSection
	GlobalSection(SolutionProperties) = preSolution
		HideSolutionNode = FALSE
	EndGlobalSection
	GlobalSection(ExtensibilityGlobals) = postSolution
		SolutionGuid = {DA2F1F2D-781B-4CA8-A665-1AED42AB5C49}
	EndGlobalSection
EndGlobal
